
Microsoft Visual Studio Solution File, Format Version 12.00
# Visual Studio 15
VisualStudioVersion = 15.0.28307.1259
MinimumVisualStudioVersion = 10.0.40219.1
Project("{FAE04EC0-301F-11D3-BF4B-00C04F79EFBC}") = "Server_Fadia Rani_20180140069", "Server_Fadia Rani_20180140069\Server_Fadia Rani_20180140069.csproj", "{32921CBE-CDCD-4885-A333-DB2479AA984A}"
EndProject
Project("{FAE04EC0-301F-11D3-BF4B-00C04F79EFBC}") = "Client_Fadia Rani_20180140069", "Client_Fadia Rani_20180140069\Client_Fadia Rani_20180140069.csproj", "{EE93D805-2273-4B7C-99B8-E86EB8506E6C}"
EndProject
Global
	GlobalSection(SolutionConfigurationPlatforms) = preSolution
		Debug|Any CPU = Debug|Any CPU
		Release|Any CPU = Release|Any CPU
	EndGlobalSection
	GlobalSection(ProjectConfigurationPlatforms) = postSolution
		{32921CBE-CDCD-4885-A333-DB2479AA984A}.Debug|Any CPU.ActiveCfg = Debug|Any CPU
		{32921CBE-CDCD-4885-A333-DB2479AA984A}.Debug|Any CPU.Build.0 = Debug|Any CPU
		{32921CBE-CDCD-4885-A333-DB2479AA984A}.Release|Any CPU.ActiveCfg = Release|Any CPU
		{32921CBE-CDCD-4885-A333-DB2479AA984A}.Release|Any CPU.Build.0 = Release|Any CPU
		{EE93D805-2273-4B7C-99B8-E86EB8506E6C}.Debug|Any CPU.ActiveCfg = Debug|Any CPU
		{EE93D805-2273-4B7C-99B8-E86EB8506E6C}.Debug|Any CPU.Build.0 = Debug|Any CPU
		{EE93D805-2273-4B7C-99B8-E86EB8506E6C}.Release|Any CPU.ActiveCfg = Release|Any CPU
		{EE93D805-2273-4B7C-99B8-E86EB8506E6C}.Release|Any CPU.Build.0 = Release|Any CPU
	EndGlobalSection
	GlobalSection(SolutionProperties) = preSolution
		HideSolutionNode = FALSE
	EndGlobalSection
	GlobalSection(ExtensibilityGlobals) = postSolution
		SolutionGuid = {BBDBBEAE-CAA5-4F1C-A7EB-EF4160EA46ED}
	EndGlobalSection
EndGlobal
